
Microsoft Visual Studio Solution File, Format Version 12.00
# Visual Studio Version 16
VisualStudioVersion = 16.0.31313.79
MinimumVisualStudioVersion = 10.0.40219.1
Project("{FAE04EC0-301F-11D3-BF4B-00C04F79EFBC}") = "Edit_Pdf_Free_Spire", "Edit_Pdf_Free_Spire\Edit_Pdf_Free_Spire.csproj", "{E8C40476-A303-44DF-B6B1-AEA301EF6B1B}"
EndProject
Global
	GlobalSection(SolutionConfigurationPlatforms) = preSolution
		Debug|Any CPU = Debug|Any CPU
		Release|Any CPU = Release|Any CPU
	EndGlobalSection
	GlobalSection(ProjectConfigurationPlatforms) = postSolution
		{E8C40476-A303-44DF-B6B1-AEA301EF6B1B}.Debug|Any CPU.ActiveCfg = Debug|Any CPU
		{E8C40476-A303-44DF-B6B1-AEA301EF6B1B}.Debug|Any CPU.Build.0 = Debug|Any CPU
		{E8C40476-A303-44DF-B6B1-AEA301EF6B1B}.Release|Any CPU.ActiveCfg = Release|Any CPU
		{E8C40476-A303-44DF-B6B1-AEA301EF6B1B}.Release|Any CPU.Build.0 = Release|Any CPU
	EndGlobalSection
	GlobalSection(SolutionProperties) = preSolution
		HideSolutionNode = FALSE
	EndGlobalSection
	GlobalSection(ExtensibilityGlobals) = postSolution
		SolutionGuid = {AC07CFD4-842E-4C82-A3DD-A5A841E9DBA9}
	EndGlobalSection
EndGlobal
